
Microsoft Visual Studio Solution File, Format Version 12.00
# Visual Studio Version 16
VisualStudioVersion = 25.0.1703.5
MinimumVisualStudioVersion = 10.0.40219.1
Project("{FAE04EC0-301F-11D3-BF4B-00C04F79EFBC}") = "ToDo-App", "ToDo-App\ToDo-App.csproj", "{EE446797-D78B-4BEC-A156-7D7C05BD1ECB}"
EndProject
Global
	GlobalSection(SolutionConfigurationPlatforms) = preSolution
		Debug|Any CPU = Debug|Any CPU
		Release|Any CPU = Release|Any CPU
	EndGlobalSection
	GlobalSection(ProjectConfigurationPlatforms) = postSolution
		{EE446797-D78B-4BEC-A156-7D7C05BD1ECB}.Debug|Any CPU.ActiveCfg = Debug|Any CPU
		{EE446797-D78B-4BEC-A156-7D7C05BD1ECB}.Debug|Any CPU.Build.0 = Debug|Any CPU
		{EE446797-D78B-4BEC-A156-7D7C05BD1ECB}.Release|Any CPU.ActiveCfg = Release|Any CPU
		{EE446797-D78B-4BEC-A156-7D7C05BD1ECB}.Release|Any CPU.Build.0 = Release|Any CPU
	EndGlobalSection
	GlobalSection(SolutionProperties) = preSolution
		HideSolutionNode = FALSE
	EndGlobalSection
	GlobalSection(ExtensibilityGlobals) = postSolution
		SolutionGuid = {4F035F5F-66BB-4A9E-BB93-B2016047D692}
	EndGlobalSection
EndGlobal
